// !$*UTF8*$!
{
	archiveVersion = 1;
	classes = {
	};
	objectVersion = 56;
	objects = {

/* Begin PBXBuildFile section */
		B40EC30C2A937E3800FF9153 /* ApiRequest.swift in Sources */ = {isa = PBXBuildFile; fileRef = B40EC30B2A937E3800FF9153 /* ApiRequest.swift */; };
		B41642A32B07F3A5002443AA /* ApiKey.plist in Resources */ = {isa = PBXBuildFile; fileRef = B41642A22B07F3A4002443AA /* ApiKey.plist */; };
		B441C1F12AE01E9700089E8C /* user.png in Resources */ = {isa = PBXBuildFile; fileRef = B441C1F02AE01E9700089E8C /* user.png */; };
		B441C1F32AE081B300089E8C /* playButton.png in Resources */ = {isa = PBXBuildFile; fileRef = B441C1F22AE081B300089E8C /* playButton.png */; };
		B459BA722ADD997700161568 /* Lottie in Frameworks */ = {isa = PBXBuildFile; productRef = B459BA712ADD997700161568 /* Lottie */; };
		B459BA742ADD9A0300161568 /* Blob.json in Resources */ = {isa = PBXBuildFile; fileRef = B459BA732ADD9A0300161568 /* Blob.json */; };
		B46B65D62B29150E008C181B /* Aharoni.ttf in Resources */ = {isa = PBXBuildFile; fileRef = B46B65D52B29150E008C181B /* Aharoni.ttf */; };
		B46F45C32A97EEC700CA32A8 /* ButtonReccordView.swift in Sources */ = {isa = PBXBuildFile; fileRef = B46F45C22A97EEC700CA32A8 /* ButtonReccordView.swift */; };
		B47105802A86B29500DDB6C2 /* AppDelegate.swift in Sources */ = {isa = PBXBuildFile; fileRef = B471057F2A86B29500DDB6C2 /* AppDelegate.swift */; };
		B47105822A86B29500DDB6C2 /* SceneDelegate.swift in Sources */ = {isa = PBXBuildFile; fileRef = B47105812A86B29500DDB6C2 /* SceneDelegate.swift */; };
		B47105842A86B29500DDB6C2 /* ViewController.swift in Sources */ = {isa = PBXBuildFile; fileRef = B47105832A86B29500DDB6C2 /* ViewController.swift */; };
		B47105872A86B29500DDB6C2 /* Main.storyboard in Resources */ = {isa = PBXBuildFile; fileRef = B47105852A86B29500DDB6C2 /* Main.storyboard */; };
		B47105892A86B29900DDB6C2 /* Assets.xcassets in Resources */ = {isa = PBXBuildFile; fileRef = B47105882A86B29900DDB6C2 /* Assets.xcassets */; };
		B471058C2A86B29900DDB6C2 /* LaunchScreen.storyboard in Resources */ = {isa = PBXBuildFile; fileRef = B471058A2A86B29900DDB6C2 /* LaunchScreen.storyboard */; };
		B48CC5A32B1CEAFE00B7467F /* ViewInfoScroll.swift in Sources */ = {isa = PBXBuildFile; fileRef = B48CC5A22B1CEAFE00B7467F /* ViewInfoScroll.swift */; };
		B4AC44FB2AC1E8CE008A9047 /* AudioRecorderManager.swift in Sources */ = {isa = PBXBuildFile; fileRef = B4AC44FA2AC1E8CE008A9047 /* AudioRecorderManager.swift */; };
		B4B93EFE2ACC2CB100BDFF8D /* SecondViewController.swift in Sources */ = {isa = PBXBuildFile; fileRef = B4B93EFD2ACC2CB100BDFF8D /* SecondViewController.swift */; };
		B4BFE2942B1603A500BC14DE /* ArtistImageView.swift in Sources */ = {isa = PBXBuildFile; fileRef = B4BFE2932B1603A500BC14DE /* ArtistImageView.swift */; };
		B4BFE2962B1740D600BC14DE /* ImageDownloadService.swift in Sources */ = {isa = PBXBuildFile; fileRef = B4BFE2952B1740D500BC14DE /* ImageDownloadService.swift */; };
		B4CA77F52B277AFA0084BF63 /* ImageService.swift in Sources */ = {isa = PBXBuildFile; fileRef = B4CA77F42B277AFA0084BF63 /* ImageService.swift */; };
		B4CB61912B1FC16400A3352D /* CustomCollectionViewCell.swift in Sources */ = {isa = PBXBuildFile; fileRef = B4CB61902B1FC16400A3352D /* CustomCollectionViewCell.swift */; };
		B4D92B602AB91845003BE57D /* NetWorkService.swift in Sources */ = {isa = PBXBuildFile; fileRef = B4D92B5A2AB91845003BE57D /* NetWorkService.swift */; };
		B4D92B612AB91845003BE57D /* SampleOriginDetector.swift in Sources */ = {isa = PBXBuildFile; fileRef = B4D92B5B2AB91845003BE57D /* SampleOriginDetector.swift */; };
		B4D92B622AB91845003BE57D /* SearchRequest.swift in Sources */ = {isa = PBXBuildFile; fileRef = B4D92B5C2AB91845003BE57D /* SearchRequest.swift */; };
		B4D92B632AB91845003BE57D /* ResultTrack.swift in Sources */ = {isa = PBXBuildFile; fileRef = B4D92B5D2AB91845003BE57D /* ResultTrack.swift */; };
		B4D92B642AB91845003BE57D /* RetrieveResultTrack.swift in Sources */ = {isa = PBXBuildFile; fileRef = B4D92B5E2AB91845003BE57D /* RetrieveResultTrack.swift */; };
		B4D92B652AB91845003BE57D /* SampledIn.swift in Sources */ = {isa = PBXBuildFile; fileRef = B4D92B5F2AB91845003BE57D /* SampledIn.swift */; };
/* End PBXBuildFile section */

/* Begin PBXFileReference section */
		B40EC30B2A937E3800FF9153 /* ApiRequest.swift */ = {isa = PBXFileReference; lastKnownFileType = sourcecode.swift; path = ApiRequest.swift; sourceTree = "<group>"; };
		B41642A22B07F3A4002443AA /* ApiKey.plist */ = {isa = PBXFileReference; fileEncoding = 4; lastKnownFileType = text.plist.xml; path = ApiKey.plist; sourceTree = "<group>"; };
		B441C1F02AE01E9700089E8C /* user.png */ = {isa = PBXFileReference; lastKnownFileType = image.png; path = user.png; sourceTree = "<group>"; };
		B441C1F22AE081B300089E8C /* playButton.png */ = {isa = PBXFileReference; lastKnownFileType = image.png; path = playButton.png; sourceTree = "<group>"; };
		B459BA732ADD9A0300161568 /* Blob.json */ = {isa = PBXFileReference; fileEncoding = 4; lastKnownFileType = text.json; path = Blob.json; sourceTree = "<group>"; };
		B46B65D52B29150E008C181B /* Aharoni.ttf */ = {isa = PBXFileReference; lastKnownFileType = file; name = Aharoni.ttf; path = "../../../../../Downloads/Aharoni-Font 2/Aharoni-Font/Aharoni.ttf"; sourceTree = "<group>"; };
		B46F45C22A97EEC700CA32A8 /* ButtonReccordView.swift */ = {isa = PBXFileReference; lastKnownFileType = sourcecode.swift; path = ButtonReccordView.swift; sourceTree = "<group>"; };
		B471057C2A86B29500DDB6C2 /* MySampled.app */ = {isa = PBXFileReference; explicitFileType = wrapper.application; includeInIndex = 0; path = MySampled.app; sourceTree = BUILT_PRODUCTS_DIR; };
		B471057F2A86B29500DDB6C2 /* AppDelegate.swift */ = {isa = PBXFileReference; lastKnownFileType = sourcecode.swift; path = AppDelegate.swift; sourceTree = "<group>"; };
		B47105812A86B29500DDB6C2 /* SceneDelegate.swift */ = {isa = PBXFileReference; lastKnownFileType = sourcecode.swift; path = SceneDelegate.swift; sourceTree = "<group>"; };
		B47105832A86B29500DDB6C2 /* ViewController.swift */ = {isa = PBXFileReference; lastKnownFileType = sourcecode.swift; path = ViewController.swift; sourceTree = "<group>"; };
		B47105862A86B29500DDB6C2 /* Base */ = {isa = PBXFileReference; lastKnownFileType = file.storyboard; name = Base; path = Base.lproj/Main.storyboard; sourceTree = "<group>"; };
		B47105882A86B29900DDB6C2 /* Assets.xcassets */ = {isa = PBXFileReference; lastKnownFileType = folder.assetcatalog; path = Assets.xcassets; sourceTree = "<group>"; };
		B471058B2A86B29900DDB6C2 /* Base */ = {isa = PBXFileReference; lastKnownFileType = file.storyboard; name = Base; path = Base.lproj/LaunchScreen.storyboard; sourceTree = "<group>"; };
		B471058D2A86B29900DDB6C2 /* Info.plist */ = {isa = PBXFileReference; lastKnownFileType = text.plist.xml; path = Info.plist; sourceTree = "<group>"; };
		B48CC5A22B1CEAFE00B7467F /* ViewInfoScroll.swift */ = {isa = PBXFileReference; lastKnownFileType = sourcecode.swift; path = ViewInfoScroll.swift; sourceTree = "<group>"; };
		B4AC44FA2AC1E8CE008A9047 /* AudioRecorderManager.swift */ = {isa = PBXFileReference; lastKnownFileType = sourcecode.swift; path = AudioRecorderManager.swift; sourceTree = "<group>"; };
		B4B93EFD2ACC2CB100BDFF8D /* SecondViewController.swift */ = {isa = PBXFileReference; lastKnownFileType = sourcecode.swift; path = SecondViewController.swift; sourceTree = "<group>"; };
		B4BFE2932B1603A500BC14DE /* ArtistImageView.swift */ = {isa = PBXFileReference; lastKnownFileType = sourcecode.swift; path = ArtistImageView.swift; sourceTree = "<group>"; };
		B4BFE2952B1740D500BC14DE /* ImageDownloadService.swift */ = {isa = PBXFileReference; lastKnownFileType = sourcecode.swift; path = ImageDownloadService.swift; sourceTree = "<group>"; };
		B4CA77F42B277AFA0084BF63 /* ImageService.swift */ = {isa = PBXFileReference; fileEncoding = 4; lastKnownFileType = sourcecode.swift; path = ImageService.swift; sourceTree = "<group>"; };
		B4CB61902B1FC16400A3352D /* CustomCollectionViewCell.swift */ = {isa = PBXFileReference; lastKnownFileType = sourcecode.swift; path = CustomCollectionViewCell.swift; sourceTree = "<group>"; };
		B4D92B5A2AB91845003BE57D /* NetWorkService.swift */ = {isa = PBXFileReference; fileEncoding = 4; lastKnownFileType = sourcecode.swift; path = NetWorkService.swift; sourceTree = "<group>"; };
		B4D92B5B2AB91845003BE57D /* SampleOriginDetector.swift */ = {isa = PBXFileReference; fileEncoding = 4; lastKnownFileType = sourcecode.swift; path = SampleOriginDetector.swift; sourceTree = "<group>"; };
		B4D92B5C2AB91845003BE57D /* SearchRequest.swift */ = {isa = PBXFileReference; fileEncoding = 4; lastKnownFileType = sourcecode.swift; path = SearchRequest.swift; sourceTree = "<group>"; };
		B4D92B5D2AB91845003BE57D /* ResultTrack.swift */ = {isa = PBXFileReference; fileEncoding = 4; lastKnownFileType = sourcecode.swift; path = ResultTrack.swift; sourceTree = "<group>"; };
		B4D92B5E2AB91845003BE57D /* RetrieveResultTrack.swift */ = {isa = PBXFileReference; fileEncoding = 4; lastKnownFileType = sourcecode.swift; path = RetrieveResultTrack.swift; sourceTree = "<group>"; };
		B4D92B5F2AB91845003BE57D /* SampledIn.swift */ = {isa = PBXFileReference; fileEncoding = 4; lastKnownFileType = sourcecode.swift; path = SampledIn.swift; sourceTree = "<group>"; };
/* End PBXFileReference section */

/* Begin PBXFrameworksBuildPhase section */
		B47105792A86B29500DDB6C2 /* Frameworks */ = {
			isa = PBXFrameworksBuildPhase;
			buildActionMask = 2147483647;
			files = (
				B459BA722ADD997700161568 /* Lottie in Frameworks */,
			);
			runOnlyForDeploymentPostprocessing = 0;
		};
/* End PBXFrameworksBuildPhase section */

/* Begin PBXGroup section */
		B41503012A981D2D0077FCBC /* Model */ = {
			isa = PBXGroup;
			children = (
				B4AC44FA2AC1E8CE008A9047 /* AudioRecorderManager.swift */,
				B4D92B592AB91706003BE57D /* WWhoSampledRequest */,
				B40EC30B2A937E3800FF9153 /* ApiRequest.swift */,
				B4BFE2952B1740D500BC14DE /* ImageDownloadService.swift */,
				B4CA77F42B277AFA0084BF63 /* ImageService.swift */,
			);
			path = Model;
			sourceTree = "<group>";
		};

		B41503022A981D560077FCBC /* View */ = {
			isa = PBXGroup;
			children = (
				B47105852A86B29500DDB6C2 /* Main.storyboard */,
				B46F45C22A97EEC700CA32A8 /* ButtonReccordView.swift */,
				B4BFE2932B1603A500BC14DE /* ArtistImageView.swift */,
				B48CC5A22B1CEAFE00B7467F /* ViewInfoScroll.swift */,
				B4CB61902B1FC16400A3352D /* CustomCollectionViewCell.swift */,
			);
			name = View;
			sourceTree = "<group>";
		};

		B41503042A981D8C0077FCBC /* Controlleur */ = {
			isa = PBXGroup;
			children = (
				B4B93EFD2ACC2CB100BDFF8D /* SecondViewController.swift */,
				B47105832A86B29500DDB6C2 /* ViewController.swift */,
			);
			name = Controlleur;
			path = Controller;
			sourceTree = "<group>";
		};
		B41503062A981DD90077FCBC /* Data */ = {
			isa = PBXGroup;
			children = (
				B41642A22B07F3A4002443AA /* ApiKey.plist */,
				B4DD16DA2B28FCCF0008FF98 /* Font */,
				B459BA732ADD9A0300161568 /* Blob.json */,
				B471058A2A86B29900DDB6C2 /* LaunchScreen.storyboard */,
				B471058D2A86B29900DDB6C2 /* Info.plist */,
				B47105812A86B29500DDB6C2 /* SceneDelegate.swift */,
				B471057F2A86B29500DDB6C2 /* AppDelegate.swift */,
				B47105882A86B29900DDB6C2 /* Assets.xcassets */,
				B441C1F22AE081B300089E8C /* playButton.png */,
				B441C1F02AE01E9700089E8C /* user.png */,
			);
			name = Data;
			sourceTree = "<group>";
		};
		B47105732A86B29500DDB6C2 = {
			isa = PBXGroup;
			children = (
				B471057E2A86B29500DDB6C2 /* MySampled */,
				B471057D2A86B29500DDB6C2 /* Products */,
			);
			sourceTree = "<group>";
		};
		B471057D2A86B29500DDB6C2 /* Products */ = {
			isa = PBXGroup;
			children = (
				B471057C2A86B29500DDB6C2 /* MySampled.app */,
			);
			name = Products;
			sourceTree = "<group>";
		};
		B471057E2A86B29500DDB6C2 /* MySampled */ = {
			isa = PBXGroup;
			children = (
				B41503062A981DD90077FCBC /* Data */,
				B41503042A981D8C0077FCBC /* Controlleur */,
				B41503012A981D2D0077FCBC /* Model */,
				B490F31B2B2F9E3200933954 /* View */,
			);
			path = MySampled;
			sourceTree = "<group>";
		};
		B490F31B2B2F9E3200933954 /* View */ = {
			isa = PBXGroup;
			children = (
				B47105852A86B29500DDB6C2 /* Main.storyboard */,
				B46F45C22A97EEC700CA32A8 /* ButtonReccordView.swift */,
				B4BFE2932B1603A500BC14DE /* ArtistImageView.swift */,
				B48CC5A22B1CEAFE00B7467F /* ViewInfoScroll.swift */,
				B4CB61902B1FC16400A3352D /* CustomCollectionViewCell.swift */,
			);
			path = View;
			sourceTree = "<group>";
		};
		B4D92B592AB91706003BE57D /* WWhoSampledRequest */ = {
			isa = PBXGroup;
			children = (
				B4D92B5A2AB91845003BE57D /* NetWorkService.swift */,
				B4D92B5D2AB91845003BE57D /* ResultTrack.swift */,
				B4D92B5E2AB91845003BE57D /* RetrieveResultTrack.swift */,
				B4D92B5F2AB91845003BE57D /* SampledIn.swift */,
				B4D92B5B2AB91845003BE57D /* SampleOriginDetector.swift */,
				B4D92B5C2AB91845003BE57D /* SearchRequest.swift */,
			);
			path = WWhoSampledRequest;
			sourceTree = "<group>";
		};
		B4DD16DA2B28FCCF0008FF98 /* Font */ = {
			isa = PBXGroup;
			children = (
				B46B65D52B29150E008C181B /* Aharoni.ttf */,
			);
			path = Font;
			sourceTree = "<group>";
		};
/* End PBXGroup section */

/* Begin PBXNativeTarget section */
		B471057B2A86B29500DDB6C2 /* MySampled */ = {
			isa = PBXNativeTarget;
			buildConfigurationList = B47105902A86B29900DDB6C2 /* Build configuration list for PBXNativeTarget "MySampled" */;
			buildPhases = (
				B47105782A86B29500DDB6C2 /* Sources */,
				B47105792A86B29500DDB6C2 /* Frameworks */,
				B471057A2A86B29500DDB6C2 /* Resources */,
			);
			buildRules = (
			);
			dependencies = (
			);
			name = MySampled;
			packageProductDependencies = (
				B459BA712ADD997700161568 /* Lottie */,
			);
			productName = MySampled;
			productReference = B471057C2A86B29500DDB6C2 /* MySampled.app */;
			productType = "com.apple.product-type.application";
		};
/* End PBXNativeTarget section */

/* Begin PBXProject section */
		B47105742A86B29500DDB6C2 /* Project object */ = {
			isa = PBXProject;
			attributes = {
				BuildIndependentTargetsInParallel = 1;
				LastSwiftUpdateCheck = 1430;
				LastUpgradeCheck = 1430;
				TargetAttributes = {
					B471057B2A86B29500DDB6C2 = {
						CreatedOnToolsVersion = 14.3.1;
					};
				};
			};
			buildConfigurationList = B47105772A86B29500DDB6C2 /* Build configuration list for PBXProject "MySampled" */;
			compatibilityVersion = "Xcode 14.0";
			developmentRegion = en;
			hasScannedForEncodings = 0;
			knownRegions = (
				en,
				Base,
			);
			mainGroup = B47105732A86B29500DDB6C2;
			packageReferences = (
				B459BA702ADD997700161568 /* XCRemoteSwiftPackageReference "lottie-ios" */,
			);
			productRefGroup = B471057D2A86B29500DDB6C2 /* Products */;
			projectDirPath = "";
			projectRoot = "";
			targets = (
				B471057B2A86B29500DDB6C2 /* MySampled */,
			);
		};
/* End PBXProject section */

/* Begin PBXResourcesBuildPhase section */
		B471057A2A86B29500DDB6C2 /* Resources */ = {
			isa = PBXResourcesBuildPhase;
			buildActionMask = 2147483647;
			files = (
				B41642A32B07F3A5002443AA /* ApiKey.plist in Resources */,
				B459BA742ADD9A0300161568 /* Blob.json in Resources */,
				B46B65D62B29150E008C181B /* Aharoni.ttf in Resources */,
				B441C1F32AE081B300089E8C /* playButton.png in Resources */,
				B441C1F12AE01E9700089E8C /* user.png in Resources */,
				B471058C2A86B29900DDB6C2 /* LaunchScreen.storyboard in Resources */,
				B47105892A86B29900DDB6C2 /* Assets.xcassets in Resources */,
				B47105872A86B29500DDB6C2 /* Main.storyboard in Resources */,
			);
			runOnlyForDeploymentPostprocessing = 0;
		};
/* End PBXResourcesBuildPhase section */

/* Begin PBXSourcesBuildPhase section */
		B47105782A86B29500DDB6C2 /* Sources */ = {
			isa = PBXSourcesBuildPhase;
			buildActionMask = 2147483647;
			files = (
				B4D92B632AB91845003BE57D /* ResultTrack.swift in Sources */,
				B47105842A86B29500DDB6C2 /* ViewController.swift in Sources */,
				B4B93EFE2ACC2CB100BDFF8D /* SecondViewController.swift in Sources */,
				B48CC5A32B1CEAFE00B7467F /* ViewInfoScroll.swift in Sources */,
				B4D92B602AB91845003BE57D /* NetWorkService.swift in Sources */,
				B4CB61912B1FC16400A3352D /* CustomCollectionViewCell.swift in Sources */,
				B4BFE2942B1603A500BC14DE /* ArtistImageView.swift in Sources */,
				B4D92B622AB91845003BE57D /* SearchRequest.swift in Sources */,
				B4BFE2962B1740D600BC14DE /* ImageDownloadService.swift in Sources */,
				B4D92B642AB91845003BE57D /* RetrieveResultTrack.swift in Sources */,
				B47105802A86B29500DDB6C2 /* AppDelegate.swift in Sources */,
				B4CA77F52B277AFA0084BF63 /* ImageService.swift in Sources */,
				B40EC30C2A937E3800FF9153 /* ApiRequest.swift in Sources */,
				B4D92B652AB91845003BE57D /* SampledIn.swift in Sources */,
				B4AC44FB2AC1E8CE008A9047 /* AudioRecorderManager.swift in Sources */,
				B47105822A86B29500DDB6C2 /* SceneDelegate.swift in Sources */,
				B46F45C32A97EEC700CA32A8 /* ButtonReccordView.swift in Sources */,
				B4D92B612AB91845003BE57D /* SampleOriginDetector.swift in Sources */,
			);
			runOnlyForDeploymentPostprocessing = 0;
		};
/* End PBXSourcesBuildPhase section */

/* Begin PBXVariantGroup section */
		B47105852A86B29500DDB6C2 /* Main.storyboard */ = {
			isa = PBXVariantGroup;
			children = (
				B47105862A86B29500DDB6C2 /* Base */,
			);
			name = Main.storyboard;
			sourceTree = "<group>";
		};
		B471058A2A86B29900DDB6C2 /* LaunchScreen.storyboard */ = {
			isa = PBXVariantGroup;
			children = (
				B471058B2A86B29900DDB6C2 /* Base */,
			);
			name = LaunchScreen.storyboard;
			sourceTree = "<group>";
		};
/* End PBXVariantGroup section */

/* Begin XCBuildConfiguration section */
		B471058E2A86B29900DDB6C2 /* Debug */ = {
			isa = XCBuildConfiguration;
			buildSettings = {
				ALWAYS_SEARCH_USER_PATHS = NO;
				CLANG_ANALYZER_NONNULL = YES;
				CLANG_ANALYZER_NUMBER_OBJECT_CONVERSION = YES_AGGRESSIVE;
				CLANG_CXX_LANGUAGE_STANDARD = "gnu++20";
				CLANG_ENABLE_MODULES = YES;
				CLANG_ENABLE_OBJC_ARC = YES;
				CLANG_ENABLE_OBJC_WEAK = YES;
				CLANG_WARN_BLOCK_CAPTURE_AUTORELEASING = YES;
				CLANG_WARN_BOOL_CONVERSION = YES;
				CLANG_WARN_COMMA = YES;
				CLANG_WARN_CONSTANT_CONVERSION = YES;
				CLANG_WARN_DEPRECATED_OBJC_IMPLEMENTATIONS = YES;
				CLANG_WARN_DIRECT_OBJC_ISA_USAGE = YES_ERROR;
				CLANG_WARN_DOCUMENTATION_COMMENTS = YES;
				CLANG_WARN_EMPTY_BODY = YES;
				CLANG_WARN_ENUM_CONVERSION = YES;
				CLANG_WARN_INFINITE_RECURSION = YES;
				CLANG_WARN_INT_CONVERSION = YES;
				CLANG_WARN_NON_LITERAL_NULL_CONVERSION = YES;
				CLANG_WARN_OBJC_IMPLICIT_RETAIN_SELF = YES;
				CLANG_WARN_OBJC_LITERAL_CONVERSION = YES;
				CLANG_WARN_OBJC_ROOT_CLASS = YES_ERROR;
				CLANG_WARN_QUOTED_INCLUDE_IN_FRAMEWORK_HEADER = YES;
				CLANG_WARN_RANGE_LOOP_ANALYSIS = YES;
				CLANG_WARN_STRICT_PROTOTYPES = YES;
				CLANG_WARN_SUSPICIOUS_MOVE = YES;
				CLANG_WARN_UNGUARDED_AVAILABILITY = YES_AGGRESSIVE;
				CLANG_WARN_UNREACHABLE_CODE = YES;
				CLANG_WARN__DUPLICATE_METHOD_MATCH = YES;
				COPY_PHASE_STRIP = NO;
				DEBUG_INFORMATION_FORMAT = dwarf;
				ENABLE_STRICT_OBJC_MSGSEND = YES;
				ENABLE_TESTABILITY = YES;
				GCC_C_LANGUAGE_STANDARD = gnu11;
				GCC_DYNAMIC_NO_PIC = NO;
				GCC_NO_COMMON_BLOCKS = YES;
				GCC_OPTIMIZATION_LEVEL = 0;
				GCC_PREPROCESSOR_DEFINITIONS = (
					"DEBUG=1",
					"$(inherited)",
				);
				GCC_WARN_64_TO_32_BIT_CONVERSION = YES;
				GCC_WARN_ABOUT_RETURN_TYPE = YES_ERROR;
				GCC_WARN_UNDECLARED_SELECTOR = YES;
				GCC_WARN_UNINITIALIZED_AUTOS = YES_AGGRESSIVE;
				GCC_WARN_UNUSED_FUNCTION = YES;
				GCC_WARN_UNUSED_VARIABLE = YES;
				IPHONEOS_DEPLOYMENT_TARGET = 16.0;
				MTL_ENABLE_DEBUG_INFO = INCLUDE_SOURCE;
				MTL_FAST_MATH = YES;
				ONLY_ACTIVE_ARCH = YES;
				SDKROOT = iphoneos;
				SWIFT_ACTIVE_COMPILATION_CONDITIONS = DEBUG;
				SWIFT_OPTIMIZATION_LEVEL = "-Onone";
			};
			name = Debug;
		};
		B471058F2A86B29900DDB6C2 /* Release */ = {
			isa = XCBuildConfiguration;
			buildSettings = {
				ALWAYS_SEARCH_USER_PATHS = NO;
				CLANG_ANALYZER_NONNULL = YES;
				CLANG_ANALYZER_NUMBER_OBJECT_CONVERSION = YES_AGGRESSIVE;
				CLANG_CXX_LANGUAGE_STANDARD = "gnu++20";
				CLANG_ENABLE_MODULES = YES;
				CLANG_ENABLE_OBJC_ARC = YES;
				CLANG_ENABLE_OBJC_WEAK = YES;
				CLANG_WARN_BLOCK_CAPTURE_AUTORELEASING = YES;
				CLANG_WARN_BOOL_CONVERSION = YES;
				CLANG_WARN_COMMA = YES;
				CLANG_WARN_CONSTANT_CONVERSION = YES;
				CLANG_WARN_DEPRECATED_OBJC_IMPLEMENTATIONS = YES;
				CLANG_WARN_DIRECT_OBJC_ISA_USAGE = YES_ERROR;
				CLANG_WARN_DOCUMENTATION_COMMENTS = YES;
				CLANG_WARN_EMPTY_BODY = YES;
				CLANG_WARN_ENUM_CONVERSION = YES;
				CLANG_WARN_INFINITE_RECURSION = YES;
				CLANG_WARN_INT_CONVERSION = YES;
				CLANG_WARN_NON_LITERAL_NULL_CONVERSION = YES;
				CLANG_WARN_OBJC_IMPLICIT_RETAIN_SELF = YES;
				CLANG_WARN_OBJC_LITERAL_CONVERSION = YES;
				CLANG_WARN_OBJC_ROOT_CLASS = YES_ERROR;
				CLANG_WARN_QUOTED_INCLUDE_IN_FRAMEWORK_HEADER = YES;
				CLANG_WARN_RANGE_LOOP_ANALYSIS = YES;
				CLANG_WARN_STRICT_PROTOTYPES = YES;
				CLANG_WARN_SUSPICIOUS_MOVE = YES;
				CLANG_WARN_UNGUARDED_AVAILABILITY = YES_AGGRESSIVE;
				CLANG_WARN_UNREACHABLE_CODE = YES;
				CLANG_WARN__DUPLICATE_METHOD_MATCH = YES;
				COPY_PHASE_STRIP = NO;
				DEBUG_INFORMATION_FORMAT = "dwarf-with-dsym";
				ENABLE_NS_ASSERTIONS = NO;
				ENABLE_STRICT_OBJC_MSGSEND = YES;
				GCC_C_LANGUAGE_STANDARD = gnu11;
				GCC_NO_COMMON_BLOCKS = YES;
				GCC_WARN_64_TO_32_BIT_CONVERSION = YES;
				GCC_WARN_ABOUT_RETURN_TYPE = YES_ERROR;
				GCC_WARN_UNDECLARED_SELECTOR = YES;
				GCC_WARN_UNINITIALIZED_AUTOS = YES_AGGRESSIVE;
				GCC_WARN_UNUSED_FUNCTION = YES;
				GCC_WARN_UNUSED_VARIABLE = YES;
				IPHONEOS_DEPLOYMENT_TARGET = 16.0;
				MTL_ENABLE_DEBUG_INFO = NO;
				MTL_FAST_MATH = YES;
				SDKROOT = iphoneos;
				SWIFT_COMPILATION_MODE = wholemodule;
				SWIFT_OPTIMIZATION_LEVEL = "-O";
				VALIDATE_PRODUCT = YES;
			};
			name = Release;
		};
		B47105912A86B29900DDB6C2 /* Debug */ = {
			isa = XCBuildConfiguration;
			buildSettings = {
				ASSETCATALOG_COMPILER_APPICON_NAME = AppIcon;
				ASSETCATALOG_COMPILER_GLOBAL_ACCENT_COLOR_NAME = AccentColor;
				CODE_SIGN_STYLE = Automatic;
				CURRENT_PROJECT_VERSION = 1;
				DEVELOPMENT_TEAM = 285377BMM7;
				GENERATE_INFOPLIST_FILE = YES;
				INFOPLIST_FILE = MySampled/Info.plist;
				INFOPLIST_KEY_NSMicrophoneUsageDescription = Yes;
				INFOPLIST_KEY_UIApplicationSupportsIndirectInputEvents = YES;
				INFOPLIST_KEY_UILaunchStoryboardName = LaunchScreen;
				INFOPLIST_KEY_UIMainStoryboardFile = Main;
				INFOPLIST_KEY_UISupportedInterfaceOrientations_iPad = "UIInterfaceOrientationPortrait UIInterfaceOrientationPortraitUpsideDown UIInterfaceOrientationLandscapeLeft UIInterfaceOrientationLandscapeRight";
				INFOPLIST_KEY_UISupportedInterfaceOrientations_iPhone = "UIInterfaceOrientationPortrait UIInterfaceOrientationLandscapeLeft UIInterfaceOrientationLandscapeRight";
				LD_RUNPATH_SEARCH_PATHS = (
					"$(inherited)",
					"@executable_path/Frameworks",
				);
				MARKETING_VERSION = 1.0;
				PRODUCT_BUNDLE_IDENTIFIER = lionceau.MySampled;
				PRODUCT_NAME = "$(TARGET_NAME)";
				SWIFT_EMIT_LOC_STRINGS = YES;
				SWIFT_VERSION = 5.0;
				TARGETED_DEVICE_FAMILY = "1,2";
			};
			name = Debug;
		};
		B47105922A86B29900DDB6C2 /* Release */ = {
			isa = XCBuildConfiguration;
			buildSettings = {
				ASSETCATALOG_COMPILER_APPICON_NAME = AppIcon;
				ASSETCATALOG_COMPILER_GLOBAL_ACCENT_COLOR_NAME = AccentColor;
				CODE_SIGN_STYLE = Automatic;
				CURRENT_PROJECT_VERSION = 1;
				DEVELOPMENT_TEAM = 285377BMM7;
				GENERATE_INFOPLIST_FILE = YES;
				INFOPLIST_FILE = MySampled/Info.plist;
				INFOPLIST_KEY_NSMicrophoneUsageDescription = Yes;
				INFOPLIST_KEY_UIApplicationSupportsIndirectInputEvents = YES;
				INFOPLIST_KEY_UILaunchStoryboardName = LaunchScreen;
				INFOPLIST_KEY_UIMainStoryboardFile = Main;
				INFOPLIST_KEY_UISupportedInterfaceOrientations_iPad = "UIInterfaceOrientationPortrait UIInterfaceOrientationPortraitUpsideDown UIInterfaceOrientationLandscapeLeft UIInterfaceOrientationLandscapeRight";
				INFOPLIST_KEY_UISupportedInterfaceOrientations_iPhone = "UIInterfaceOrientationPortrait UIInterfaceOrientationLandscapeLeft UIInterfaceOrientationLandscapeRight";
				LD_RUNPATH_SEARCH_PATHS = (
					"$(inherited)",
					"@executable_path/Frameworks",
				);
				MARKETING_VERSION = 1.0;
				PRODUCT_BUNDLE_IDENTIFIER = lionceau.MySampled;
				PRODUCT_NAME = "$(TARGET_NAME)";
				SWIFT_EMIT_LOC_STRINGS = YES;
				SWIFT_VERSION = 5.0;
				TARGETED_DEVICE_FAMILY = "1,2";
			};
			name = Release;
		};
/* End XCBuildConfiguration section */

/* Begin XCConfigurationList section */
		B47105772A86B29500DDB6C2 /* Build configuration list for PBXProject "MySampled" */ = {
			isa = XCConfigurationList;
			buildConfigurations = (
				B471058E2A86B29900DDB6C2 /* Debug */,
				B471058F2A86B29900DDB6C2 /* Release */,
			);
			defaultConfigurationIsVisible = 0;
			defaultConfigurationName = Release;
		};
		B47105902A86B29900DDB6C2 /* Build configuration list for PBXNativeTarget "MySampled" */ = {
			isa = XCConfigurationList;
			buildConfigurations = (
				B47105912A86B29900DDB6C2 /* Debug */,
				B47105922A86B29900DDB6C2 /* Release */,
			);
			defaultConfigurationIsVisible = 0;
			defaultConfigurationName = Release;
		};
/* End XCConfigurationList section */

/* Begin XCRemoteSwiftPackageReference section */
		B459BA702ADD997700161568 /* XCRemoteSwiftPackageReference "lottie-ios" */ = {
			isa = XCRemoteSwiftPackageReference;
			repositoryURL = "https://github.com/airbnb/lottie-ios";
			requirement = {
				kind = upToNextMajorVersion;
				minimumVersion = 4.3.3;
			};
		};
/* End XCRemoteSwiftPackageReference section */

/* Begin XCSwiftPackageProductDependency section */
		B459BA712ADD997700161568 /* Lottie */ = {
			isa = XCSwiftPackageProductDependency;
			package = B459BA702ADD997700161568 /* XCRemoteSwiftPackageReference "lottie-ios" */;
			productName = Lottie;
		};
/* End XCSwiftPackageProductDependency section */
	};
	rootObject = B47105742A86B29500DDB6C2 /* Project object */;
}
