// !$*UTF8*$!
{
	archiveVersion = 1;
	classes = {
	};
	objectVersion = 56;
	objects = {

/* Begin PBXBuildFile section */
		B412DB352B8A1615008E3238 /* Assets.xcassets in Resources */ = {isa = PBXBuildFile; fileRef = B412DB2C2B8A1615008E3238 /* Assets.xcassets */; };
		B412DB362B8A1615008E3238 /* LaunchScreen.storyboard in Resources */ = {isa = PBXBuildFile; fileRef = B412DB2D2B8A1615008E3238 /* LaunchScreen.storyboard */; };
		B412DB372B8A1615008E3238 /* AppDelegate.swift in Sources */ = {isa = PBXBuildFile; fileRef = B412DB2F2B8A1615008E3238 /* AppDelegate.swift */; };
		B412DB382B8A1615008E3238 /* Aharoni.ttf in Resources */ = {isa = PBXBuildFile; fileRef = B412DB312B8A1615008E3238 /* Aharoni.ttf */; };
		B412DB3A2B8A1615008E3238 /* SceneDelegate.swift in Sources */ = {isa = PBXBuildFile; fileRef = B412DB332B8A1615008E3238 /* SceneDelegate.swift */; };
		B44F29AF2B8A2D7300619A48 /* ApiKey.plist in Resources */ = {isa = PBXBuildFile; fileRef = B412DB2B2B8A1615008E3238 /* ApiKey.plist */; };
		B4573C652B4013C90033FBA7 /* Main.storyboard in Resources */ = {isa = PBXBuildFile; fileRef = B4573C642B4013C90033FBA7 /* Main.storyboard */; };
		B4573C6A2B40301A0033FBA7 /* HomeViewController.swift in Sources */ = {isa = PBXBuildFile; fileRef = B4573C692B40301A0033FBA7 /* HomeViewController.swift */; };
		B458F4152B89F38D00027CBE /* SampledInHeaderView.swift in Sources */ = {isa = PBXBuildFile; fileRef = B458F4132B89F38D00027CBE /* SampledInHeaderView.swift */; };
		B458F4162B89F38D00027CBE /* SampleHeaderView.swift in Sources */ = {isa = PBXBuildFile; fileRef = B458F4142B89F38D00027CBE /* SampleHeaderView.swift */; };
		B458F4182B89F44400027CBE /* DownloadImageWhosampled.swift in Sources */ = {isa = PBXBuildFile; fileRef = B458F4172B89F44400027CBE /* DownloadImageWhosampled.swift */; };
		B458F41C2B89F63700027CBE /* DownloadImageShazam.swift in Sources */ = {isa = PBXBuildFile; fileRef = B458F41A2B89F63700027CBE /* DownloadImageShazam.swift */; };
		B458F41D2B89F63700027CBE /* ApiRequest.swift in Sources */ = {isa = PBXBuildFile; fileRef = B458F41B2B89F63700027CBE /* ApiRequest.swift */; };
		B459BA722ADD997700161568 /* Lottie in Frameworks */ = {isa = PBXBuildFile; productRef = B459BA712ADD997700161568 /* Lottie */; };
		B46735F72B376314005A1954 /* SecondViewController.swift in Sources */ = {isa = PBXBuildFile; fileRef = B46735F62B376314005A1954 /* SecondViewController.swift */; };
		B46F45C32A97EEC700CA32A8 /* ButtonReccordView.swift in Sources */ = {isa = PBXBuildFile; fileRef = B46F45C22A97EEC700CA32A8 /* ButtonReccordView.swift */; };
		B47105842A86B29500DDB6C2 /* ViewController.swift in Sources */ = {isa = PBXBuildFile; fileRef = B47105832A86B29500DDB6C2 /* ViewController.swift */; };
		B48CC5A32B1CEAFE00B7467F /* ViewInfoScroll.swift in Sources */ = {isa = PBXBuildFile; fileRef = B48CC5A22B1CEAFE00B7467F /* ViewInfoScroll.swift */; };
		B49093052B3F6889009986B9 /* SwiftFormat in Frameworks */ = {isa = PBXBuildFile; productRef = B49093042B3F6889009986B9 /* SwiftFormat */; };
		B49093072B3F6889009986B9 /* SwiftFormatConfiguration in Frameworks */ = {isa = PBXBuildFile; productRef = B49093062B3F6889009986B9 /* SwiftFormatConfiguration */; };
		B49093092B3F6889009986B9 /* swift-format in Frameworks */ = {isa = PBXBuildFile; productRef = B49093082B3F6889009986B9 /* swift-format */; };
		B4991BB02B3977E800AA3A1F /* SampleMinute.swift in Sources */ = {isa = PBXBuildFile; fileRef = B4991BAF2B3977E800AA3A1F /* SampleMinute.swift */; };
		B4AC44FB2AC1E8CE008A9047 /* AudioRecorderManager.swift in Sources */ = {isa = PBXBuildFile; fileRef = B4AC44FA2AC1E8CE008A9047 /* AudioRecorderManager.swift */; };
		B4B7728D2B3ED6E8008E2833 /* ViewControllerExtension.swift in Sources */ = {isa = PBXBuildFile; fileRef = B4B7728C2B3ED6E8008E2833 /* ViewControllerExtension.swift */; };
		B4BFE2942B1603A500BC14DE /* ArtistImageView.swift in Sources */ = {isa = PBXBuildFile; fileRef = B4BFE2932B1603A500BC14DE /* ArtistImageView.swift */; };
		B4CB61912B1FC16400A3352D /* CustomCollectionViewCell.swift in Sources */ = {isa = PBXBuildFile; fileRef = B4CB61902B1FC16400A3352D /* CustomCollectionViewCell.swift */; };
		B4D92B602AB91845003BE57D /* NetWorkService.swift in Sources */ = {isa = PBXBuildFile; fileRef = B4D92B5A2AB91845003BE57D /* NetWorkService.swift */; };
		B4D92B612AB91845003BE57D /* SampleOriginDetector.swift in Sources */ = {isa = PBXBuildFile; fileRef = B4D92B5B2AB91845003BE57D /* SampleOriginDetector.swift */; };
		B4D92B622AB91845003BE57D /* SearchRequest.swift in Sources */ = {isa = PBXBuildFile; fileRef = B4D92B5C2AB91845003BE57D /* SearchRequest.swift */; };
		B4D92B632AB91845003BE57D /* ResultTrack.swift in Sources */ = {isa = PBXBuildFile; fileRef = B4D92B5D2AB91845003BE57D /* ResultTrack.swift */; };
		B4D92B642AB91845003BE57D /* RetrieveResultTrack.swift in Sources */ = {isa = PBXBuildFile; fileRef = B4D92B5E2AB91845003BE57D /* RetrieveResultTrack.swift */; };
		B4D92B652AB91845003BE57D /* SampledIn.swift in Sources */ = {isa = PBXBuildFile; fileRef = B4D92B5F2AB91845003BE57D /* SampledIn.swift */; };
/* End PBXBuildFile section */

/* Begin PBXFileReference section */
		B412DB2B2B8A1615008E3238 /* ApiKey.plist */ = {isa = PBXFileReference; fileEncoding = 4; lastKnownFileType = text.plist.xml; path = ApiKey.plist; sourceTree = "<group>"; };
		B412DB2C2B8A1615008E3238 /* Assets.xcassets */ = {isa = PBXFileReference; lastKnownFileType = folder.assetcatalog; path = Assets.xcassets; sourceTree = "<group>"; };
		B412DB2E2B8A1615008E3238 /* Base */ = {isa = PBXFileReference; lastKnownFileType = file.storyboard; name = Base; path = Base.lproj/LaunchScreen.storyboard; sourceTree = "<group>"; };
		B412DB2F2B8A1615008E3238 /* AppDelegate.swift */ = {isa = PBXFileReference; fileEncoding = 4; lastKnownFileType = sourcecode.swift; path = AppDelegate.swift; sourceTree = "<group>"; };
		B412DB312B8A1615008E3238 /* Aharoni.ttf */ = {isa = PBXFileReference; lastKnownFileType = file; path = Aharoni.ttf; sourceTree = "<group>"; };
		B412DB332B8A1615008E3238 /* SceneDelegate.swift */ = {isa = PBXFileReference; fileEncoding = 4; lastKnownFileType = sourcecode.swift; path = SceneDelegate.swift; sourceTree = "<group>"; };
		B44F29AD2B8A2BF800619A48 /* Info.plist */ = {isa = PBXFileReference; fileEncoding = 4; lastKnownFileType = text.plist.xml; name = Info.plist; path = MySampled/Data/Info.plist; sourceTree = SOURCE_ROOT; };
		B4573C642B4013C90033FBA7 /* Main.storyboard */ = {isa = PBXFileReference; lastKnownFileType = file.storyboard; path = Main.storyboard; sourceTree = "<group>"; };
		B4573C692B40301A0033FBA7 /* HomeViewController.swift */ = {isa = PBXFileReference; lastKnownFileType = sourcecode.swift; path = HomeViewController.swift; sourceTree = "<group>"; };
		B458F4132B89F38D00027CBE /* SampledInHeaderView.swift */ = {isa = PBXFileReference; fileEncoding = 4; lastKnownFileType = sourcecode.swift; path = SampledInHeaderView.swift; sourceTree = "<group>"; };
		B458F4142B89F38D00027CBE /* SampleHeaderView.swift */ = {isa = PBXFileReference; fileEncoding = 4; lastKnownFileType = sourcecode.swift; path = SampleHeaderView.swift; sourceTree = "<group>"; };
		B458F4172B89F44400027CBE /* DownloadImageWhosampled.swift */ = {isa = PBXFileReference; fileEncoding = 4; lastKnownFileType = sourcecode.swift; path = DownloadImageWhosampled.swift; sourceTree = "<group>"; };
		B458F41A2B89F63700027CBE /* DownloadImageShazam.swift */ = {isa = PBXFileReference; fileEncoding = 4; lastKnownFileType = sourcecode.swift; path = DownloadImageShazam.swift; sourceTree = "<group>"; };
		B458F41B2B89F63700027CBE /* ApiRequest.swift */ = {isa = PBXFileReference; fileEncoding = 4; lastKnownFileType = sourcecode.swift; path = ApiRequest.swift; sourceTree = "<group>"; };
		B46735F62B376314005A1954 /* SecondViewController.swift */ = {isa = PBXFileReference; fileEncoding = 4; lastKnownFileType = sourcecode.swift; name = SecondViewController.swift; path = "../../../../../Desktop/recuperation modif/SecondViewController.swift"; sourceTree = "<group>"; };
		B46F45C22A97EEC700CA32A8 /* ButtonReccordView.swift */ = {isa = PBXFileReference; lastKnownFileType = sourcecode.swift; path = ButtonReccordView.swift; sourceTree = "<group>"; };
		B471057C2A86B29500DDB6C2 /* MySampled.app */ = {isa = PBXFileReference; explicitFileType = wrapper.application; includeInIndex = 0; path = MySampled.app; sourceTree = BUILT_PRODUCTS_DIR; };
		B47105832A86B29500DDB6C2 /* ViewController.swift */ = {isa = PBXFileReference; lastKnownFileType = sourcecode.swift; path = ViewController.swift; sourceTree = "<group>"; };
		B48CC5A22B1CEAFE00B7467F /* ViewInfoScroll.swift */ = {isa = PBXFileReference; lastKnownFileType = sourcecode.swift; path = ViewInfoScroll.swift; sourceTree = "<group>"; };
		B4991BAF2B3977E800AA3A1F /* SampleMinute.swift */ = {isa = PBXFileReference; lastKnownFileType = sourcecode.swift; path = SampleMinute.swift; sourceTree = "<group>"; };
		B4AC44FA2AC1E8CE008A9047 /* AudioRecorderManager.swift */ = {isa = PBXFileReference; lastKnownFileType = sourcecode.swift; path = AudioRecorderManager.swift; sourceTree = "<group>"; };
		B4B7728C2B3ED6E8008E2833 /* ViewControllerExtension.swift */ = {isa = PBXFileReference; lastKnownFileType = sourcecode.swift; path = ViewControllerExtension.swift; sourceTree = "<group>"; };
		B4BFE2932B1603A500BC14DE /* ArtistImageView.swift */ = {isa = PBXFileReference; lastKnownFileType = sourcecode.swift; path = ArtistImageView.swift; sourceTree = "<group>"; };
		B4CB61902B1FC16400A3352D /* CustomCollectionViewCell.swift */ = {isa = PBXFileReference; lastKnownFileType = sourcecode.swift; path = CustomCollectionViewCell.swift; sourceTree = "<group>"; };
		B4D92B5A2AB91845003BE57D /* NetWorkService.swift */ = {isa = PBXFileReference; fileEncoding = 4; lastKnownFileType = sourcecode.swift; path = NetWorkService.swift; sourceTree = "<group>"; };
		B4D92B5B2AB91845003BE57D /* SampleOriginDetector.swift */ = {isa = PBXFileReference; fileEncoding = 4; lastKnownFileType = sourcecode.swift; path = SampleOriginDetector.swift; sourceTree = "<group>"; };
		B4D92B5C2AB91845003BE57D /* SearchRequest.swift */ = {isa = PBXFileReference; fileEncoding = 4; lastKnownFileType = sourcecode.swift; path = SearchRequest.swift; sourceTree = "<group>"; };
		B4D92B5D2AB91845003BE57D /* ResultTrack.swift */ = {isa = PBXFileReference; fileEncoding = 4; lastKnownFileType = sourcecode.swift; path = ResultTrack.swift; sourceTree = "<group>"; };
		B4D92B5E2AB91845003BE57D /* RetrieveResultTrack.swift */ = {isa = PBXFileReference; fileEncoding = 4; lastKnownFileType = sourcecode.swift; path = RetrieveResultTrack.swift; sourceTree = "<group>"; };
		B4D92B5F2AB91845003BE57D /* SampledIn.swift */ = {isa = PBXFileReference; fileEncoding = 4; lastKnownFileType = sourcecode.swift; path = SampledIn.swift; sourceTree = "<group>"; };
/* End PBXFileReference section */

/* Begin PBXFrameworksBuildPhase section */
		B47105792A86B29500DDB6C2 /* Frameworks */ = {
			isa = PBXFrameworksBuildPhase;
			buildActionMask = 2147483647;
			files = (
				B459BA722ADD997700161568 /* Lottie in Frameworks */,
				B49093072B3F6889009986B9 /* SwiftFormatConfiguration in Frameworks */,
				B49093052B3F6889009986B9 /* SwiftFormat in Frameworks */,
				B49093092B3F6889009986B9 /* swift-format in Frameworks */,
			);
			runOnlyForDeploymentPostprocessing = 0;
		};
/* End PBXFrameworksBuildPhase section */

/* Begin PBXGroup section */
		B412DB2A2B8A1615008E3238 /* Data */ = {
			isa = PBXGroup;
			children = (
				B412DB2C2B8A1615008E3238 /* Assets.xcassets */,
				B412DB2B2B8A1615008E3238 /* ApiKey.plist */,
				B412DB2D2B8A1615008E3238 /* LaunchScreen.storyboard */,
				B412DB2F2B8A1615008E3238 /* AppDelegate.swift */,
				B412DB302B8A1615008E3238 /* Font */,
				B44F29AD2B8A2BF800619A48 /* Info.plist */,
				B412DB332B8A1615008E3238 /* SceneDelegate.swift */,
			);
			path = Data;
			sourceTree = "<group>";
		};
		B412DB302B8A1615008E3238 /* Font */ = {
			isa = PBXGroup;
			children = (
				B412DB312B8A1615008E3238 /* Aharoni.ttf */,
			);
			path = Font;
			sourceTree = "<group>";
		};
		B41503012A981D2D0077FCBC /* Model */ = {
			isa = PBXGroup;
			children = (
				B4AC44FA2AC1E8CE008A9047 /* AudioRecorderManager.swift */,
				B458F4192B89F63700027CBE /* ShazamRequest */,
				B4D92B592AB91706003BE57D /* WWhoSampledRequest */,
			);
			path = Model;
			sourceTree = "<group>";
		};
		B41503042A981D8C0077FCBC /* Controlleur */ = {
			isa = PBXGroup;
			children = (
				B46735F62B376314005A1954 /* SecondViewController.swift */,
				B47105832A86B29500DDB6C2 /* ViewController.swift */,
				B4B7728C2B3ED6E8008E2833 /* ViewControllerExtension.swift */,
				B4573C692B40301A0033FBA7 /* HomeViewController.swift */,
			);
			name = Controlleur;
			path = Controller;
			sourceTree = "<group>";
		};
		B458F4122B89F38D00027CBE /* HeaderCell */ = {
			isa = PBXGroup;
			children = (
				B458F4132B89F38D00027CBE /* SampledInHeaderView.swift */,
				B458F4142B89F38D00027CBE /* SampleHeaderView.swift */,
			);
			path = HeaderCell;
			sourceTree = "<group>";
		};
		B458F4192B89F63700027CBE /* ShazamRequest */ = {
			isa = PBXGroup;
			children = (
				B458F41A2B89F63700027CBE /* DownloadImageShazam.swift */,
				B458F41B2B89F63700027CBE /* ApiRequest.swift */,
			);
			path = ShazamRequest;
			sourceTree = "<group>";
		};
		B47105732A86B29500DDB6C2 = {
			isa = PBXGroup;
			children = (
				B471057E2A86B29500DDB6C2 /* MySampled */,
				B471057D2A86B29500DDB6C2 /* Products */,
			);
			sourceTree = "<group>";
		};
		B471057D2A86B29500DDB6C2 /* Products */ = {
			isa = PBXGroup;
			children = (
				B471057C2A86B29500DDB6C2 /* MySampled.app */,
			);
			name = Products;
			sourceTree = "<group>";
		};
		B471057E2A86B29500DDB6C2 /* MySampled */ = {
			isa = PBXGroup;
			children = (
				B412DB2A2B8A1615008E3238 /* Data */,
				B41503042A981D8C0077FCBC /* Controlleur */,
				B41503012A981D2D0077FCBC /* Model */,
				B490F31B2B2F9E3200933954 /* View */,
			);
			path = MySampled;
			sourceTree = "<group>";
		};
		B490F31B2B2F9E3200933954 /* View */ = {
			isa = PBXGroup;
			children = (
				B458F4122B89F38D00027CBE /* HeaderCell */,
				B46F45C22A97EEC700CA32A8 /* ButtonReccordView.swift */,
				B48CC5A22B1CEAFE00B7467F /* ViewInfoScroll.swift */,
				B4BFE2932B1603A500BC14DE /* ArtistImageView.swift */,
				B4CB61902B1FC16400A3352D /* CustomCollectionViewCell.swift */,
				B4573C642B4013C90033FBA7 /* Main.storyboard */,
			);
			path = View;
			sourceTree = "<group>";
		};
		B4D92B592AB91706003BE57D /* WWhoSampledRequest */ = {
			isa = PBXGroup;
			children = (
				B458F4172B89F44400027CBE /* DownloadImageWhosampled.swift */,
				B4D92B5A2AB91845003BE57D /* NetWorkService.swift */,
				B4D92B5D2AB91845003BE57D /* ResultTrack.swift */,
				B4D92B5F2AB91845003BE57D /* SampledIn.swift */,
				B4D92B5E2AB91845003BE57D /* RetrieveResultTrack.swift */,
				B4D92B5B2AB91845003BE57D /* SampleOriginDetector.swift */,
				B4D92B5C2AB91845003BE57D /* SearchRequest.swift */,
				B4991BAF2B3977E800AA3A1F /* SampleMinute.swift */,
			);
			path = WWhoSampledRequest;
			sourceTree = "<group>";
		};
/* End PBXGroup section */

/* Begin PBXNativeTarget section */
		B471057B2A86B29500DDB6C2 /* MySampled */ = {
			isa = PBXNativeTarget;
			buildConfigurationList = B47105902A86B29900DDB6C2 /* Build configuration list for PBXNativeTarget "MySampled" */;
			buildPhases = (
				B47105782A86B29500DDB6C2 /* Sources */,
				B47105792A86B29500DDB6C2 /* Frameworks */,
				B471057A2A86B29500DDB6C2 /* Resources */,
				B403654D2B3F8D2000D7CA27 /* ShellScript */,
			);
			buildRules = (
			);
			dependencies = (
			);
			name = MySampled;
			packageProductDependencies = (
				B459BA712ADD997700161568 /* Lottie */,
				B49093042B3F6889009986B9 /* SwiftFormat */,
				B49093062B3F6889009986B9 /* SwiftFormatConfiguration */,
				B49093082B3F6889009986B9 /* swift-format */,
			);
			productName = MySampled;
			productReference = B471057C2A86B29500DDB6C2 /* MySampled.app */;
			productType = "com.apple.product-type.application";
		};
/* End PBXNativeTarget section */

/* Begin PBXProject section */
		B47105742A86B29500DDB6C2 /* Project object */ = {
			isa = PBXProject;
			attributes = {
				BuildIndependentTargetsInParallel = 1;
				LastSwiftUpdateCheck = 1430;
				LastUpgradeCheck = 1510;
				TargetAttributes = {
					B471057B2A86B29500DDB6C2 = {
						CreatedOnToolsVersion = 14.3.1;
					};
				};
			};
			buildConfigurationList = B47105772A86B29500DDB6C2 /* Build configuration list for PBXProject "MySampled" */;
			compatibilityVersion = "Xcode 14.0";
			developmentRegion = en;
			hasScannedForEncodings = 0;
			knownRegions = (
				en,
				Base,
			);
			mainGroup = B47105732A86B29500DDB6C2;
			packageReferences = (
				B459BA702ADD997700161568 /* XCRemoteSwiftPackageReference "lottie-ios" */,
				B49093032B3F6889009986B9 /* XCRemoteSwiftPackageReference "swift-format" */,
				B403654C2B3F8B7A00D7CA27 /* XCRemoteSwiftPackageReference "SwiftLintPlugin" */,
			);
			productRefGroup = B471057D2A86B29500DDB6C2 /* Products */;
			projectDirPath = "";
			projectRoot = "";
			targets = (
				B471057B2A86B29500DDB6C2 /* MySampled */,
			);
		};
/* End PBXProject section */

/* Begin PBXResourcesBuildPhase section */
		B471057A2A86B29500DDB6C2 /* Resources */ = {
			isa = PBXResourcesBuildPhase;
			buildActionMask = 2147483647;
			files = (
				B4573C652B4013C90033FBA7 /* Main.storyboard in Resources */,
				B44F29AF2B8A2D7300619A48 /* ApiKey.plist in Resources */,
				B412DB362B8A1615008E3238 /* LaunchScreen.storyboard in Resources */,
				B412DB352B8A1615008E3238 /* Assets.xcassets in Resources */,
				B412DB382B8A1615008E3238 /* Aharoni.ttf in Resources */,
			);
			runOnlyForDeploymentPostprocessing = 0;
		};
/* End PBXResourcesBuildPhase section */

/* Begin PBXShellScriptBuildPhase section */
		B403654D2B3F8D2000D7CA27 /* ShellScript */ = {
			isa = PBXShellScriptBuildPhase;
			alwaysOutOfDate = 1;
			buildActionMask = 12;
			files = (
			);
			inputFileListPaths = (
			);
			inputPaths = (
			);
			outputFileListPaths = (
			);
			outputPaths = (
			);
			runOnlyForDeploymentPostprocessing = 0;
			shellPath = /bin/sh;
			shellScript = "export PATH=\"$PATH:/opt/homebrew/bin\"\nif which swiftlint >/dev/null; then\n    swiftlint\nelse\n    echo \"warning: SwiftLint not installed, download from https://github.com/realm/SwiftLint\"\nfi\n\n";
		};
/* End PBXShellScriptBuildPhase section */

/* Begin PBXSourcesBuildPhase section */
		B47105782A86B29500DDB6C2 /* Sources */ = {
			isa = PBXSourcesBuildPhase;
			buildActionMask = 2147483647;
			files = (
				B412DB372B8A1615008E3238 /* AppDelegate.swift in Sources */,
				B4D92B632AB91845003BE57D /* ResultTrack.swift in Sources */,
				B458F4182B89F44400027CBE /* DownloadImageWhosampled.swift in Sources */,
				B47105842A86B29500DDB6C2 /* ViewController.swift in Sources */,
				B458F41C2B89F63700027CBE /* DownloadImageShazam.swift in Sources */,
				B48CC5A32B1CEAFE00B7467F /* ViewInfoScroll.swift in Sources */,
				B412DB3A2B8A1615008E3238 /* SceneDelegate.swift in Sources */,
				B458F4152B89F38D00027CBE /* SampledInHeaderView.swift in Sources */,
				B4D92B602AB91845003BE57D /* NetWorkService.swift in Sources */,
				B458F4162B89F38D00027CBE /* SampleHeaderView.swift in Sources */,
				B4CB61912B1FC16400A3352D /* CustomCollectionViewCell.swift in Sources */,
				B4573C6A2B40301A0033FBA7 /* HomeViewController.swift in Sources */,
				B4BFE2942B1603A500BC14DE /* ArtistImageView.swift in Sources */,
				B4D92B622AB91845003BE57D /* SearchRequest.swift in Sources */,
				B46735F72B376314005A1954 /* SecondViewController.swift in Sources */,
				B4D92B642AB91845003BE57D /* RetrieveResultTrack.swift in Sources */,
				B4991BB02B3977E800AA3A1F /* SampleMinute.swift in Sources */,
				B458F41D2B89F63700027CBE /* ApiRequest.swift in Sources */,
				B4D92B652AB91845003BE57D /* SampledIn.swift in Sources */,
				B4AC44FB2AC1E8CE008A9047 /* AudioRecorderManager.swift in Sources */,
				B4B7728D2B3ED6E8008E2833 /* ViewControllerExtension.swift in Sources */,
				B46F45C32A97EEC700CA32A8 /* ButtonReccordView.swift in Sources */,
				B4D92B612AB91845003BE57D /* SampleOriginDetector.swift in Sources */,
			);
			runOnlyForDeploymentPostprocessing = 0;
		};
/* End PBXSourcesBuildPhase section */

/* Begin PBXVariantGroup section */
		B412DB2D2B8A1615008E3238 /* LaunchScreen.storyboard */ = {
			isa = PBXVariantGroup;
			children = (
				B412DB2E2B8A1615008E3238 /* Base */,
			);
			name = LaunchScreen.storyboard;
			sourceTree = "<group>";
		};
/* End PBXVariantGroup section */

/* Begin XCBuildConfiguration section */
		B471058E2A86B29900DDB6C2 /* Debug */ = {
			isa = XCBuildConfiguration;
			buildSettings = {
				ALWAYS_SEARCH_USER_PATHS = NO;
				CLANG_ANALYZER_NONNULL = YES;
				CLANG_ANALYZER_NUMBER_OBJECT_CONVERSION = YES_AGGRESSIVE;
				CLANG_CXX_LANGUAGE_STANDARD = "gnu++20";
				CLANG_ENABLE_MODULES = YES;
				CLANG_ENABLE_OBJC_ARC = YES;
				CLANG_ENABLE_OBJC_WEAK = YES;
				CLANG_WARN_BLOCK_CAPTURE_AUTORELEASING = YES;
				CLANG_WARN_BOOL_CONVERSION = YES;
				CLANG_WARN_COMMA = YES;
				CLANG_WARN_CONSTANT_CONVERSION = YES;
				CLANG_WARN_DEPRECATED_OBJC_IMPLEMENTATIONS = YES;
				CLANG_WARN_DIRECT_OBJC_ISA_USAGE = YES_ERROR;
				CLANG_WARN_DOCUMENTATION_COMMENTS = YES;
				CLANG_WARN_EMPTY_BODY = YES;
				CLANG_WARN_ENUM_CONVERSION = YES;
				CLANG_WARN_INFINITE_RECURSION = YES;
				CLANG_WARN_INT_CONVERSION = YES;
				CLANG_WARN_NON_LITERAL_NULL_CONVERSION = YES;
				CLANG_WARN_OBJC_IMPLICIT_RETAIN_SELF = YES;
				CLANG_WARN_OBJC_LITERAL_CONVERSION = YES;
				CLANG_WARN_OBJC_ROOT_CLASS = YES_ERROR;
				CLANG_WARN_QUOTED_INCLUDE_IN_FRAMEWORK_HEADER = YES;
				CLANG_WARN_RANGE_LOOP_ANALYSIS = YES;
				CLANG_WARN_STRICT_PROTOTYPES = YES;
				CLANG_WARN_SUSPICIOUS_MOVE = YES;
				CLANG_WARN_UNGUARDED_AVAILABILITY = YES_AGGRESSIVE;
				CLANG_WARN_UNREACHABLE_CODE = YES;
				CLANG_WARN__DUPLICATE_METHOD_MATCH = YES;
				COPY_PHASE_STRIP = NO;
				DEBUG_INFORMATION_FORMAT = dwarf;
				ENABLE_STRICT_OBJC_MSGSEND = YES;
				ENABLE_TESTABILITY = YES;
				EXCLUDED_ARCHS = "";
				GCC_C_LANGUAGE_STANDARD = gnu11;
				GCC_DYNAMIC_NO_PIC = NO;
				GCC_NO_COMMON_BLOCKS = YES;
				GCC_OPTIMIZATION_LEVEL = 0;
				GCC_PREPROCESSOR_DEFINITIONS = (
					"DEBUG=1",
					"$(inherited)",
				);
				GCC_WARN_64_TO_32_BIT_CONVERSION = YES;
				GCC_WARN_ABOUT_RETURN_TYPE = YES_ERROR;
				GCC_WARN_UNDECLARED_SELECTOR = YES;
				GCC_WARN_UNINITIALIZED_AUTOS = YES_AGGRESSIVE;
				GCC_WARN_UNUSED_FUNCTION = YES;
				GCC_WARN_UNUSED_VARIABLE = YES;
				IPHONEOS_DEPLOYMENT_TARGET = 16.0;
				MTL_ENABLE_DEBUG_INFO = INCLUDE_SOURCE;
				MTL_FAST_MATH = YES;
				ONLY_ACTIVE_ARCH = YES;
				SDKROOT = iphoneos;
				SWIFT_ACTIVE_COMPILATION_CONDITIONS = DEBUG;
				SWIFT_OPTIMIZATION_LEVEL = "-Onone";
			};
			name = Debug;
		};
		B471058F2A86B29900DDB6C2 /* Release */ = {
			isa = XCBuildConfiguration;
			buildSettings = {
				ALWAYS_SEARCH_USER_PATHS = NO;
				CLANG_ANALYZER_NONNULL = YES;
				CLANG_ANALYZER_NUMBER_OBJECT_CONVERSION = YES_AGGRESSIVE;
				CLANG_CXX_LANGUAGE_STANDARD = "gnu++20";
				CLANG_ENABLE_MODULES = YES;
				CLANG_ENABLE_OBJC_ARC = YES;
				CLANG_ENABLE_OBJC_WEAK = YES;
				CLANG_WARN_BLOCK_CAPTURE_AUTORELEASING = YES;
				CLANG_WARN_BOOL_CONVERSION = YES;
				CLANG_WARN_COMMA = YES;
				CLANG_WARN_CONSTANT_CONVERSION = YES;
				CLANG_WARN_DEPRECATED_OBJC_IMPLEMENTATIONS = YES;
				CLANG_WARN_DIRECT_OBJC_ISA_USAGE = YES_ERROR;
				CLANG_WARN_DOCUMENTATION_COMMENTS = YES;
				CLANG_WARN_EMPTY_BODY = YES;
				CLANG_WARN_ENUM_CONVERSION = YES;
				CLANG_WARN_INFINITE_RECURSION = YES;
				CLANG_WARN_INT_CONVERSION = YES;
				CLANG_WARN_NON_LITERAL_NULL_CONVERSION = YES;
				CLANG_WARN_OBJC_IMPLICIT_RETAIN_SELF = YES;
				CLANG_WARN_OBJC_LITERAL_CONVERSION = YES;
				CLANG_WARN_OBJC_ROOT_CLASS = YES_ERROR;
				CLANG_WARN_QUOTED_INCLUDE_IN_FRAMEWORK_HEADER = YES;
				CLANG_WARN_RANGE_LOOP_ANALYSIS = YES;
				CLANG_WARN_STRICT_PROTOTYPES = YES;
				CLANG_WARN_SUSPICIOUS_MOVE = YES;
				CLANG_WARN_UNGUARDED_AVAILABILITY = YES_AGGRESSIVE;
				CLANG_WARN_UNREACHABLE_CODE = YES;
				CLANG_WARN__DUPLICATE_METHOD_MATCH = YES;
				COPY_PHASE_STRIP = NO;
				DEBUG_INFORMATION_FORMAT = "dwarf-with-dsym";
				ENABLE_NS_ASSERTIONS = NO;
				ENABLE_STRICT_OBJC_MSGSEND = YES;
				EXCLUDED_ARCHS = "";
				GCC_C_LANGUAGE_STANDARD = gnu11;
				GCC_NO_COMMON_BLOCKS = YES;
				GCC_WARN_64_TO_32_BIT_CONVERSION = YES;
				GCC_WARN_ABOUT_RETURN_TYPE = YES_ERROR;
				GCC_WARN_UNDECLARED_SELECTOR = YES;
				GCC_WARN_UNINITIALIZED_AUTOS = YES_AGGRESSIVE;
				GCC_WARN_UNUSED_FUNCTION = YES;
				GCC_WARN_UNUSED_VARIABLE = YES;
				IPHONEOS_DEPLOYMENT_TARGET = 16.0;
				MTL_ENABLE_DEBUG_INFO = NO;
				MTL_FAST_MATH = YES;
				SDKROOT = iphoneos;
				SWIFT_COMPILATION_MODE = wholemodule;
				SWIFT_OPTIMIZATION_LEVEL = "-O";
				VALIDATE_PRODUCT = YES;
			};
			name = Release;
		};
		B47105912A86B29900DDB6C2 /* Debug */ = {
			isa = XCBuildConfiguration;
			buildSettings = {
				ASSETCATALOG_COMPILER_APPICON_NAME = AppIcon;
				ASSETCATALOG_COMPILER_GLOBAL_ACCENT_COLOR_NAME = AccentColor;
				CODE_SIGN_STYLE = Automatic;
				CURRENT_PROJECT_VERSION = 1;
				DEVELOPMENT_TEAM = 285377BMM7;
				GENERATE_INFOPLIST_FILE = YES;
				INFOPLIST_FILE = "";
				"INFOPLIST_FILE[sdk=*]" = MySampled/Data/Info.plist;
				INFOPLIST_KEY_NSMicrophoneUsageDescription = Yes;
				INFOPLIST_KEY_UIApplicationSupportsIndirectInputEvents = YES;
				INFOPLIST_KEY_UILaunchStoryboardName = LaunchScreen;
				INFOPLIST_KEY_UIMainStoryboardFile = Main;
				INFOPLIST_KEY_UISupportedInterfaceOrientations_iPad = "UIInterfaceOrientationPortrait UIInterfaceOrientationPortraitUpsideDown UIInterfaceOrientationLandscapeLeft UIInterfaceOrientationLandscapeRight";
				INFOPLIST_KEY_UISupportedInterfaceOrientations_iPhone = "UIInterfaceOrientationPortrait UIInterfaceOrientationLandscapeLeft UIInterfaceOrientationLandscapeRight";
				IPHONEOS_DEPLOYMENT_TARGET = 16.0;
				LD_RUNPATH_SEARCH_PATHS = (
					"$(inherited)",
					"@executable_path/Frameworks",
				);
				MARKETING_VERSION = 1.0;
				PRODUCT_BUNDLE_IDENTIFIER = lionceau.MySampled;
				PRODUCT_NAME = "$(TARGET_NAME)";
				SWIFT_EMIT_LOC_STRINGS = YES;
				SWIFT_VERSION = 5.0;
				TARGETED_DEVICE_FAMILY = "1,2";
			};
			name = Debug;
		};
		B47105922A86B29900DDB6C2 /* Release */ = {
			isa = XCBuildConfiguration;
			buildSettings = {
				ASSETCATALOG_COMPILER_APPICON_NAME = AppIcon;
				ASSETCATALOG_COMPILER_GLOBAL_ACCENT_COLOR_NAME = AccentColor;
				CODE_SIGN_STYLE = Automatic;
				CURRENT_PROJECT_VERSION = 1;
				DEVELOPMENT_TEAM = 285377BMM7;
				GENERATE_INFOPLIST_FILE = YES;
				INFOPLIST_FILE = "";
				"INFOPLIST_FILE[sdk=*]" = MySampled/Data/Info.plist;
				INFOPLIST_KEY_NSMicrophoneUsageDescription = Yes;
				INFOPLIST_KEY_UIApplicationSupportsIndirectInputEvents = YES;
				INFOPLIST_KEY_UILaunchStoryboardName = LaunchScreen;
				INFOPLIST_KEY_UIMainStoryboardFile = Main;
				INFOPLIST_KEY_UISupportedInterfaceOrientations_iPad = "UIInterfaceOrientationPortrait UIInterfaceOrientationPortraitUpsideDown UIInterfaceOrientationLandscapeLeft UIInterfaceOrientationLandscapeRight";
				INFOPLIST_KEY_UISupportedInterfaceOrientations_iPhone = "UIInterfaceOrientationPortrait UIInterfaceOrientationLandscapeLeft UIInterfaceOrientationLandscapeRight";
				IPHONEOS_DEPLOYMENT_TARGET = 16.0;
				LD_RUNPATH_SEARCH_PATHS = (
					"$(inherited)",
					"@executable_path/Frameworks",
				);
				MARKETING_VERSION = 1.0;
				ONLY_ACTIVE_ARCH = YES;
				PRODUCT_BUNDLE_IDENTIFIER = lionceau.MySampled;
				PRODUCT_NAME = "$(TARGET_NAME)";
				SWIFT_EMIT_LOC_STRINGS = YES;
				SWIFT_VERSION = 5.0;
				TARGETED_DEVICE_FAMILY = "1,2";
			};
			name = Release;
		};
/* End XCBuildConfiguration section */

/* Begin XCConfigurationList section */
		B47105772A86B29500DDB6C2 /* Build configuration list for PBXProject "MySampled" */ = {
			isa = XCConfigurationList;
			buildConfigurations = (
				B471058E2A86B29900DDB6C2 /* Debug */,
				B471058F2A86B29900DDB6C2 /* Release */,
			);
			defaultConfigurationIsVisible = 0;
			defaultConfigurationName = Release;
		};
		B47105902A86B29900DDB6C2 /* Build configuration list for PBXNativeTarget "MySampled" */ = {
			isa = XCConfigurationList;
			buildConfigurations = (
				B47105912A86B29900DDB6C2 /* Debug */,
				B47105922A86B29900DDB6C2 /* Release */,
			);
			defaultConfigurationIsVisible = 0;
			defaultConfigurationName = Release;
		};
/* End XCConfigurationList section */

/* Begin XCRemoteSwiftPackageReference section */
		B403654C2B3F8B7A00D7CA27 /* XCRemoteSwiftPackageReference "SwiftLintPlugin" */ = {
			isa = XCRemoteSwiftPackageReference;
			repositoryURL = "https://github.com/lukepistrol/SwiftLintPlugin";
			requirement = {
				kind = exactVersion;
				version = 0.54.0;
			};
		};
		B459BA702ADD997700161568 /* XCRemoteSwiftPackageReference "lottie-ios" */ = {
			isa = XCRemoteSwiftPackageReference;
			repositoryURL = "https://github.com/airbnb/lottie-ios";
			requirement = {
				kind = upToNextMajorVersion;
				minimumVersion = 4.3.3;
			};
		};
		B49093032B3F6889009986B9 /* XCRemoteSwiftPackageReference "swift-format" */ = {
			isa = XCRemoteSwiftPackageReference;
			repositoryURL = "https://github.com/apple/swift-format.git";
			requirement = {
				kind = upToNextMajorVersion;
				minimumVersion = 509.0.0;
			};
		};
/* End XCRemoteSwiftPackageReference section */

/* Begin XCSwiftPackageProductDependency section */
		B459BA712ADD997700161568 /* Lottie */ = {
			isa = XCSwiftPackageProductDependency;
			package = B459BA702ADD997700161568 /* XCRemoteSwiftPackageReference "lottie-ios" */;
			productName = Lottie;
		};
		B49093042B3F6889009986B9 /* SwiftFormat */ = {
			isa = XCSwiftPackageProductDependency;
			package = B49093032B3F6889009986B9 /* XCRemoteSwiftPackageReference "swift-format" */;
			productName = SwiftFormat;
		};
		B49093062B3F6889009986B9 /* SwiftFormatConfiguration */ = {
			isa = XCSwiftPackageProductDependency;
			package = B49093032B3F6889009986B9 /* XCRemoteSwiftPackageReference "swift-format" */;
			productName = SwiftFormatConfiguration;
		};
		B49093082B3F6889009986B9 /* swift-format */ = {
			isa = XCSwiftPackageProductDependency;
			package = B49093032B3F6889009986B9 /* XCRemoteSwiftPackageReference "swift-format" */;
			productName = "swift-format";
		};
/* End XCSwiftPackageProductDependency section */
	};
	rootObject = B47105742A86B29500DDB6C2 /* Project object */;
}
